// !$*UTF8*$!
{
	archiveVersion = 1;
	classes = {
	};
	objectVersion = 46;
	objects = {

/* Begin PBXBuildFile section */
		B66C4F821AB146CF004A3227 /* main.m in Sources */ = {isa = PBXBuildFile; fileRef = B66C4F811AB146CF004A3227 /* main.m */; };
		B66C4F851AB146CF004A3227 /* AppDelegate.m in Sources */ = {isa = PBXBuildFile; fileRef = B66C4F841AB146CF004A3227 /* AppDelegate.m */; };
		B66C4F881AB146CF004A3227 /* ViewController.m in Sources */ = {isa = PBXBuildFile; fileRef = B66C4F871AB146CF004A3227 /* ViewController.m */; };
		B66C4F8B1AB146CF004A3227 /* Main.storyboard in Resources */ = {isa = PBXBuildFile; fileRef = B66C4F891AB146CF004A3227 /* Main.storyboard */; };
		B66C4F8D1AB146CF004A3227 /* Images.xcassets in Resources */ = {isa = PBXBuildFile; fileRef = B66C4F8C1AB146CF004A3227 /* Images.xcassets */; };
		B66C4F901AB146CF004A3227 /* LaunchScreen.xib in Resources */ = {isa = PBXBuildFile; fileRef = B66C4F8E1AB146CF004A3227 /* LaunchScreen.xib */; };
		B66C4F9C1AB146D0004A3227 /* RadioButtonsTests.m in Sources */ = {isa = PBXBuildFile; fileRef = B66C4F9B1AB146D0004A3227 /* RadioButtonsTests.m */; };
		B6D4A1361ABAC787006EF0ED /* PJRadioButton.m in Sources */ = {isa = PBXBuildFile; fileRef = B6D4A1331ABAC787006EF0ED /* PJRadioButton.m */; };
		B6D4A1371ABAC787006EF0ED /* PJRadioButtonSet.m in Sources */ = {isa = PBXBuildFile; fileRef = B6D4A1351ABAC787006EF0ED /* PJRadioButtonSet.m */; };
/* End PBXBuildFile section */

/* Begin PBXContainerItemProxy section */
		B66C4F961AB146D0004A3227 /* PBXContainerItemProxy */ = {
			isa = PBXContainerItemProxy;
			containerPortal = B66C4F741AB146CF004A3227 /* Project object */;
			proxyType = 1;
			remoteGlobalIDString = B66C4F7B1AB146CF004A3227;
			remoteInfo = RadioButtons;
		};
/* End PBXContainerItemProxy section */

/* Begin PBXFileReference section */
		B66C4F7C1AB146CF004A3227 /* RadioButtons.app */ = {isa = PBXFileReference; explicitFileType = wrapper.application; includeInIndex = 0; path = RadioButtons.app; sourceTree = BUILT_PRODUCTS_DIR; };
		B66C4F801AB146CF004A3227 /* Info.plist */ = {isa = PBXFileReference; lastKnownFileType = text.plist.xml; path = Info.plist; sourceTree = "<group>"; };
		B66C4F811AB146CF004A3227 /* main.m */ = {isa = PBXFileReference; lastKnownFileType = sourcecode.c.objc; path = main.m; sourceTree = "<group>"; };
		B66C4F831AB146CF004A3227 /* AppDelegate.h */ = {isa = PBXFileReference; lastKnownFileType = sourcecode.c.h; path = AppDelegate.h; sourceTree = "<group>"; };
		B66C4F841AB146CF004A3227 /* AppDelegate.m */ = {isa = PBXFileReference; lastKnownFileType = sourcecode.c.objc; path = AppDelegate.m; sourceTree = "<group>"; };
		B66C4F861AB146CF004A3227 /* ViewController.h */ = {isa = PBXFileReference; lastKnownFileType = sourcecode.c.h; path = ViewController.h; sourceTree = "<group>"; };
		B66C4F871AB146CF004A3227 /* ViewController.m */ = {isa = PBXFileReference; lastKnownFileType = sourcecode.c.objc; path = ViewController.m; sourceTree = "<group>"; };
		B66C4F8A1AB146CF004A3227 /* Base */ = {isa = PBXFileReference; lastKnownFileType = file.storyboard; name = Base; path = Base.lproj/Main.storyboard; sourceTree = "<group>"; };
		B66C4F8C1AB146CF004A3227 /* Images.xcassets */ = {isa = PBXFileReference; lastKnownFileType = folder.assetcatalog; path = Images.xcassets; sourceTree = "<group>"; };
		B66C4F8F1AB146CF004A3227 /* Base */ = {isa = PBXFileReference; lastKnownFileType = file.xib; name = Base; path = Base.lproj/LaunchScreen.xib; sourceTree = "<group>"; };
		B66C4F951AB146D0004A3227 /* RadioButtonsTests.xctest */ = {isa = PBXFileReference; explicitFileType = wrapper.cfbundle; includeInIndex = 0; path = RadioButtonsTests.xctest; sourceTree = BUILT_PRODUCTS_DIR; };
		B66C4F9A1AB146D0004A3227 /* Info.plist */ = {isa = PBXFileReference; lastKnownFileType = text.plist.xml; path = Info.plist; sourceTree = "<group>"; };
		B66C4F9B1AB146D0004A3227 /* RadioButtonsTests.m */ = {isa = PBXFileReference; lastKnownFileType = sourcecode.c.objc; path = RadioButtonsTests.m; sourceTree = "<group>"; };
		B6D4A1321ABAC787006EF0ED /* PJRadioButton.h */ = {isa = PBXFileReference; fileEncoding = 4; lastKnownFileType = sourcecode.c.h; path = PJRadioButton.h; sourceTree = "<group>"; };
		B6D4A1331ABAC787006EF0ED /* PJRadioButton.m */ = {isa = PBXFileReference; fileEncoding = 4; lastKnownFileType = sourcecode.c.objc; path = PJRadioButton.m; sourceTree = "<group>"; };
		B6D4A1341ABAC787006EF0ED /* PJRadioButtonSet.h */ = {isa = PBXFileReference; fileEncoding = 4; lastKnownFileType = sourcecode.c.h; path = PJRadioButtonSet.h; sourceTree = "<group>"; };
		B6D4A1351ABAC787006EF0ED /* PJRadioButtonSet.m */ = {isa = PBXFileReference; fileEncoding = 4; lastKnownFileType = sourcecode.c.objc; path = PJRadioButtonSet.m; sourceTree = "<group>"; };
		B6D4A1381ABAC7A8006EF0ED /* PJRadioConstants.h */ = {isa = PBXFileReference; lastKnownFileType = sourcecode.c.h; path = PJRadioConstants.h; sourceTree = "<group>"; };
/* End PBXFileReference section */

/* Begin PBXFrameworksBuildPhase section */
		B66C4F791AB146CF004A3227 /* Frameworks */ = {
			isa = PBXFrameworksBuildPhase;
			buildActionMask = 2147483647;
			files = (
			);
			runOnlyForDeploymentPostprocessing = 0;
		};
		B66C4F921AB146D0004A3227 /* Frameworks */ = {
			isa = PBXFrameworksBuildPhase;
			buildActionMask = 2147483647;
			files = (
			);
			runOnlyForDeploymentPostprocessing = 0;
		};
/* End PBXFrameworksBuildPhase section */

/* Begin PBXGroup section */
		B66C4F731AB146CF004A3227 = {
			isa = PBXGroup;
			children = (
				B6D4A1311ABAC73B006EF0ED /* PJRadioButton */,
				B66C4F7E1AB146CF004A3227 /* RadioButtons */,
				B66C4F981AB146D0004A3227 /* RadioButtonsTests */,
				B66C4F7D1AB146CF004A3227 /* Products */,
			);
			sourceTree = "<group>";
		};
		B66C4F7D1AB146CF004A3227 /* Products */ = {
			isa = PBXGroup;
			children = (
				B66C4F7C1AB146CF004A3227 /* RadioButtons.app */,
				B66C4F951AB146D0004A3227 /* RadioButtonsTests.xctest */,
			);
			name = Products;
			sourceTree = "<group>";
		};
		B66C4F7E1AB146CF004A3227 /* RadioButtons */ = {
			isa = PBXGroup;
			children = (
				B66C4F831AB146CF004A3227 /* AppDelegate.h */,
				B66C4F841AB146CF004A3227 /* AppDelegate.m */,
				B66C4F861AB146CF004A3227 /* ViewController.h */,
				B66C4F871AB146CF004A3227 /* ViewController.m */,
				B66C4F891AB146CF004A3227 /* Main.storyboard */,
				B66C4F8C1AB146CF004A3227 /* Images.xcassets */,
				B66C4F8E1AB146CF004A3227 /* LaunchScreen.xib */,
				B66C4F7F1AB146CF004A3227 /* Supporting Files */,
			);
			path = RadioButtons;
			sourceTree = "<group>";
		};
		B66C4F7F1AB146CF004A3227 /* Supporting Files */ = {
			isa = PBXGroup;
			children = (
				B66C4F801AB146CF004A3227 /* Info.plist */,
				B66C4F811AB146CF004A3227 /* main.m */,
			);
			name = "Supporting Files";
			sourceTree = "<group>";
		};
		B66C4F981AB146D0004A3227 /* RadioButtonsTests */ = {
			isa = PBXGroup;
			children = (
				B66C4F9B1AB146D0004A3227 /* RadioButtonsTests.m */,
				B66C4F991AB146D0004A3227 /* Supporting Files */,
			);
			path = RadioButtonsTests;
			sourceTree = "<group>";
		};
		B66C4F991AB146D0004A3227 /* Supporting Files */ = {
			isa = PBXGroup;
			children = (
				B66C4F9A1AB146D0004A3227 /* Info.plist */,
			);
			name = "Supporting Files";
			sourceTree = "<group>";
		};
		B6D4A1311ABAC73B006EF0ED /* PJRadioButton */ = {
			isa = PBXGroup;
			children = (
				B6D4A1341ABAC787006EF0ED /* PJRadioButtonSet.h */,
				B6D4A1351ABAC787006EF0ED /* PJRadioButtonSet.m */,
				B6D4A1321ABAC787006EF0ED /* PJRadioButton.h */,
				B6D4A1331ABAC787006EF0ED /* PJRadioButton.m */,
				B6D4A1381ABAC7A8006EF0ED /* PJRadioConstants.h */,
			);
			path = PJRadioButton;
			sourceTree = "<group>";
		};
/* End PBXGroup section */

/* Begin PBXNativeTarget section */
		B66C4F7B1AB146CF004A3227 /* RadioButtons */ = {
			isa = PBXNativeTarget;
			buildConfigurationList = B66C4F9F1AB146D0004A3227 /* Build configuration list for PBXNativeTarget "RadioButtons" */;
			buildPhases = (
				B66C4F781AB146CF004A3227 /* Sources */,
				B66C4F791AB146CF004A3227 /* Frameworks */,
				B66C4F7A1AB146CF004A3227 /* Resources */,
			);
			buildRules = (
			);
			dependencies = (
			);
			name = RadioButtons;
			productName = RadioButtons;
			productReference = B66C4F7C1AB146CF004A3227 /* RadioButtons.app */;
			productType = "com.apple.product-type.application";
		};
		B66C4F941AB146D0004A3227 /* RadioButtonsTests */ = {
			isa = PBXNativeTarget;
			buildConfigurationList = B66C4FA21AB146D0004A3227 /* Build configuration list for PBXNativeTarget "RadioButtonsTests" */;
			buildPhases = (
				B66C4F911AB146D0004A3227 /* Sources */,
				B66C4F921AB146D0004A3227 /* Frameworks */,
				B66C4F931AB146D0004A3227 /* Resources */,
			);
			buildRules = (
			);
			dependencies = (
				B66C4F971AB146D0004A3227 /* PBXTargetDependency */,
			);
			name = RadioButtonsTests;
			productName = RadioButtonsTests;
			productReference = B66C4F951AB146D0004A3227 /* RadioButtonsTests.xctest */;
			productType = "com.apple.product-type.bundle.unit-test";
		};
/* End PBXNativeTarget section */

/* Begin PBXProject section */
		B66C4F741AB146CF004A3227 /* Project object */ = {
			isa = PBXProject;
			attributes = {
				LastUpgradeCheck = 0620;
				ORGANIZATIONNAME = "Prajeet Shrestha";
				TargetAttributes = {
					B66C4F7B1AB146CF004A3227 = {
						CreatedOnToolsVersion = 6.2;
					};
					B66C4F941AB146D0004A3227 = {
						CreatedOnToolsVersion = 6.2;
						TestTargetID = B66C4F7B1AB146CF004A3227;
					};
				};
			};
			buildConfigurationList = B66C4F771AB146CF004A3227 /* Build configuration list for PBXProject "RadioButtons" */;
			compatibilityVersion = "Xcode 3.2";
			developmentRegion = English;
			hasScannedForEncodings = 0;
			knownRegions = (
				en,
				Base,
			);
			mainGroup = B66C4F731AB146CF004A3227;
			productRefGroup = B66C4F7D1AB146CF004A3227 /* Products */;
			projectDirPath = "";
			projectRoot = "";
			targets = (
				B66C4F7B1AB146CF004A3227 /* RadioButtons */,
				B66C4F941AB146D0004A3227 /* RadioButtonsTests */,
			);
		};
/* End PBXProject section */

/* Begin PBXResourcesBuildPhase section */
		B66C4F7A1AB146CF004A3227 /* Resources */ = {
			isa = PBXResourcesBuildPhase;
			buildActionMask = 2147483647;
			files = (
				B66C4F8B1AB146CF004A3227 /* Main.storyboard in Resources */,
				B66C4F901AB146CF004A3227 /* LaunchScreen.xib in Resources */,
				B66C4F8D1AB146CF004A3227 /* Images.xcassets in Resources */,
			);
			runOnlyForDeploymentPostprocessing = 0;
		};
		B66C4F931AB146D0004A3227 /* Resources */ = {
			isa = PBXResourcesBuildPhase;
			buildActionMask = 2147483647;
			files = (
			);
			runOnlyForDeploymentPostprocessing = 0;
		};
/* End PBXResourcesBuildPhase section */

/* Begin PBXSourcesBuildPhase section */
		B66C4F781AB146CF004A3227 /* Sources */ = {
			isa = PBXSourcesBuildPhase;
			buildActionMask = 2147483647;
			files = (
				B66C4F881AB146CF004A3227 /* ViewController.m in Sources */,
				B66C4F851AB146CF004A3227 /* AppDelegate.m in Sources */,
				B66C4F821AB146CF004A3227 /* main.m in Sources */,
				B6D4A1361ABAC787006EF0ED /* PJRadioButton.m in Sources */,
				B6D4A1371ABAC787006EF0ED /* PJRadioButtonSet.m in Sources */,
			);
			runOnlyForDeploymentPostprocessing = 0;
		};
		B66C4F911AB146D0004A3227 /* Sources */ = {
			isa = PBXSourcesBuildPhase;
			buildActionMask = 2147483647;
			files = (
				B66C4F9C1AB146D0004A3227 /* RadioButtonsTests.m in Sources */,
			);
			runOnlyForDeploymentPostprocessing = 0;
		};
/* End PBXSourcesBuildPhase section */

/* Begin PBXTargetDependency section */
		B66C4F971AB146D0004A3227 /* PBXTargetDependency */ = {
			isa = PBXTargetDependency;
			target = B66C4F7B1AB146CF004A3227 /* RadioButtons */;
			targetProxy = B66C4F961AB146D0004A3227 /* PBXContainerItemProxy */;
		};
/* End PBXTargetDependency section */

/* Begin PBXVariantGroup section */
		B66C4F891AB146CF004A3227 /* Main.storyboard */ = {
			isa = PBXVariantGroup;
			children = (
				B66C4F8A1AB146CF004A3227 /* Base */,
			);
			name = Main.storyboard;
			sourceTree = "<group>";
		};
		B66C4F8E1AB146CF004A3227 /* LaunchScreen.xib */ = {
			isa = PBXVariantGroup;
			children = (
				B66C4F8F1AB146CF004A3227 /* Base */,
			);
			name = LaunchScreen.xib;
			sourceTree = "<group>";
		};
/* End PBXVariantGroup section */

/* Begin XCBuildConfiguration section */
		B66C4F9D1AB146D0004A3227 /* Debug */ = {
			isa = XCBuildConfiguration;
			buildSettings = {
				ALWAYS_SEARCH_USER_PATHS = NO;
				CLANG_CXX_LANGUAGE_STANDARD = "gnu++0x";
				CLANG_CXX_LIBRARY = "libc++";
				CLANG_ENABLE_MODULES = YES;
				CLANG_ENABLE_OBJC_ARC = YES;
				CLANG_WARN_BOOL_CONVERSION = YES;
				CLANG_WARN_CONSTANT_CONVERSION = YES;
				CLANG_WARN_DIRECT_OBJC_ISA_USAGE = YES_ERROR;
				CLANG_WARN_EMPTY_BODY = YES;
				CLANG_WARN_ENUM_CONVERSION = YES;
				CLANG_WARN_INT_CONVERSION = YES;
				CLANG_WARN_OBJC_ROOT_CLASS = YES_ERROR;
				CLANG_WARN_UNREACHABLE_CODE = YES;
				CLANG_WARN__DUPLICATE_METHOD_MATCH = YES;
				"CODE_SIGN_IDENTITY[sdk=iphoneos*]" = "iPhone Developer";
				COPY_PHASE_STRIP = NO;
				ENABLE_STRICT_OBJC_MSGSEND = YES;
				GCC_C_LANGUAGE_STANDARD = gnu99;
				GCC_DYNAMIC_NO_PIC = NO;
				GCC_OPTIMIZATION_LEVEL = 0;
				GCC_PREPROCESSOR_DEFINITIONS = (
					"DEBUG=1",
					"$(inherited)",
				);
				GCC_SYMBOLS_PRIVATE_EXTERN = NO;
				GCC_WARN_64_TO_32_BIT_CONVERSION = YES;
				GCC_WARN_ABOUT_RETURN_TYPE = YES_ERROR;
				GCC_WARN_UNDECLARED_SELECTOR = YES;
				GCC_WARN_UNINITIALIZED_AUTOS = YES_AGGRESSIVE;
				GCC_WARN_UNUSED_FUNCTION = YES;
				GCC_WARN_UNUSED_VARIABLE = YES;
				IPHONEOS_DEPLOYMENT_TARGET = 8.2;
				MTL_ENABLE_DEBUG_INFO = YES;
				ONLY_ACTIVE_ARCH = YES;
				SDKROOT = iphoneos;
				TARGETED_DEVICE_FAMILY = "1,2";
			};
			name = Debug;
		};
		B66C4F9E1AB146D0004A3227 /* Release */ = {
			isa = XCBuildConfiguration;
			buildSettings = {
				ALWAYS_SEARCH_USER_PATHS = NO;
				CLANG_CXX_LANGUAGE_STANDARD = "gnu++0x";
				CLANG_CXX_LIBRARY = "libc++";
				CLANG_ENABLE_MODULES = YES;
				CLANG_ENABLE_OBJC_ARC = YES;
				CLANG_WARN_BOOL_CONVERSION = YES;
				CLANG_WARN_CONSTANT_CONVERSION = YES;
				CLANG_WARN_DIRECT_OBJC_ISA_USAGE = YES_ERROR;
				CLANG_WARN_EMPTY_BODY = YES;
				CLANG_WARN_ENUM_CONVERSION = YES;
				CLANG_WARN_INT_CONVERSION = YES;
				CLANG_WARN_OBJC_ROOT_CLASS = YES_ERROR;
				CLANG_WARN_UNREACHABLE_CODE = YES;
				CLANG_WARN__DUPLICATE_METHOD_MATCH = YES;
				"CODE_SIGN_IDENTITY[sdk=iphoneos*]" = "iPhone Developer";
				COPY_PHASE_STRIP = NO;
				ENABLE_NS_ASSERTIONS = NO;
				ENABLE_STRICT_OBJC_MSGSEND = YES;
				GCC_C_LANGUAGE_STANDARD = gnu99;
				GCC_WARN_64_TO_32_BIT_CONVERSION = YES;
				GCC_WARN_ABOUT_RETURN_TYPE = YES_ERROR;
				GCC_WARN_UNDECLARED_SELECTOR = YES;
				GCC_WARN_UNINITIALIZED_AUTOS = YES_AGGRESSIVE;
				GCC_WARN_UNUSED_FUNCTION = YES;
				GCC_WARN_UNUSED_VARIABLE = YES;
				IPHONEOS_DEPLOYMENT_TARGET = 8.2;
				MTL_ENABLE_DEBUG_INFO = NO;
				SDKROOT = iphoneos;
				TARGETED_DEVICE_FAMILY = "1,2";
				VALIDATE_PRODUCT = YES;
			};
			name = Release;
		};
		B66C4FA01AB146D0004A3227 /* Debug */ = {
			isa = XCBuildConfiguration;
			buildSettings = {
				ASSETCATALOG_COMPILER_APPICON_NAME = AppIcon;
				INFOPLIST_FILE = RadioButtons/Info.plist;
				LD_RUNPATH_SEARCH_PATHS = "$(inherited) @executable_path/Frameworks";
				PRODUCT_NAME = "$(TARGET_NAME)";
			};
			name = Debug;
		};
		B66C4FA11AB146D0004A3227 /* Release */ = {
			isa = XCBuildConfiguration;
			buildSettings = {
				ASSETCATALOG_COMPILER_APPICON_NAME = AppIcon;
				INFOPLIST_FILE = RadioButtons/Info.plist;
				LD_RUNPATH_SEARCH_PATHS = "$(inherited) @executable_path/Frameworks";
				PRODUCT_NAME = "$(TARGET_NAME)";
			};
			name = Release;
		};
		B66C4FA31AB146D0004A3227 /* Debug */ = {
			isa = XCBuildConfiguration;
			buildSettings = {
				BUNDLE_LOADER = "$(TEST_HOST)";
				FRAMEWORK_SEARCH_PATHS = (
					"$(SDKROOT)/Developer/Library/Frameworks",
					"$(inherited)",
				);
				GCC_PREPROCESSOR_DEFINITIONS = (
					"DEBUG=1",
					"$(inherited)",
				);
				INFOPLIST_FILE = RadioButtonsTests/Info.plist;
				LD_RUNPATH_SEARCH_PATHS = "$(inherited) @executable_path/Frameworks @loader_path/Frameworks";
				PRODUCT_NAME = "$(TARGET_NAME)";
				TEST_HOST = "$(BUILT_PRODUCTS_DIR)/RadioButtons.app/RadioButtons";
			};
			name = Debug;
		};
		B66C4FA41AB146D0004A3227 /* Release */ = {
			isa = XCBuildConfiguration;
			buildSettings = {
				BUNDLE_LOADER = "$(TEST_HOST)";
				FRAMEWORK_SEARCH_PATHS = (
					"$(SDKROOT)/Developer/Library/Frameworks",
					"$(inherited)",
				);
				INFOPLIST_FILE = RadioButtonsTests/Info.plist;
				LD_RUNPATH_SEARCH_PATHS = "$(inherited) @executable_path/Frameworks @loader_path/Frameworks";
				PRODUCT_NAME = "$(TARGET_NAME)";
				TEST_HOST = "$(BUILT_PRODUCTS_DIR)/RadioButtons.app/RadioButtons";
			};
			name = Release;
		};
/* End XCBuildConfiguration section */

/* Begin XCConfigurationList section */
		B66C4F771AB146CF004A3227 /* Build configuration list for PBXProject "RadioButtons" */ = {
			isa = XCConfigurationList;
			buildConfigurations = (
				B66C4F9D1AB146D0004A3227 /* Debug */,
				B66C4F9E1AB146D0004A3227 /* Release */,
			);
			defaultConfigurationIsVisible = 0;
			defaultConfigurationName = Release;
		};
		B66C4F9F1AB146D0004A3227 /* Build configuration list for PBXNativeTarget "RadioButtons" */ = {
			isa = XCConfigurationList;
			buildConfigurations = (
				B66C4FA01AB146D0004A3227 /* Debug */,
				B66C4FA11AB146D0004A3227 /* Release */,
			);
			defaultConfigurationIsVisible = 0;
			defaultConfigurationName = Release;
		};
		B66C4FA21AB146D0004A3227 /* Build configuration list for PBXNativeTarget "RadioButtonsTests" */ = {
			isa = XCConfigurationList;
			buildConfigurations = (
				B66C4FA31AB146D0004A3227 /* Debug */,
				B66C4FA41AB146D0004A3227 /* Release */,
			);
			defaultConfigurationIsVisible = 0;
			defaultConfigurationName = Release;
		};
/* End XCConfigurationList section */
	};
	rootObject = B66C4F741AB146CF004A3227 /* Project object */;
}
